
Microsoft Visual Studio Solution File, Format Version 12.00
# Visual Studio Version 16
VisualStudioVersion = 16.0.31729.503
MinimumVisualStudioVersion = 10.0.40219.1
Project("{888888A0-9F3D-457C-B088-3A5042F75D52}") = "listas.py", "listas.py.pyproj", "{13B5C823-8EBC-4C93-A69F-AF927661288C}"
EndProject
Global
	GlobalSection(SolutionConfigurationPlatforms) = preSolution
		Debug|Any CPU = Debug|Any CPU
		Release|Any CPU = Release|Any CPU
	EndGlobalSection
	GlobalSection(ProjectConfigurationPlatforms) = postSolution
		{13B5C823-8EBC-4C93-A69F-AF927661288C}.Debug|Any CPU.ActiveCfg = Debug|Any CPU
		{13B5C823-8EBC-4C93-A69F-AF927661288C}.Release|Any CPU.ActiveCfg = Release|Any CPU
	EndGlobalSection
	GlobalSection(SolutionProperties) = preSolution
		HideSolutionNode = FALSE
	EndGlobalSection
	GlobalSection(ExtensibilityGlobals) = postSolution
		SolutionGuid = {0CF634B5-3981-42A7-BC5C-3135E212B0BB}
	EndGlobalSection
EndGlobal
